
Microsoft Visual Studio Solution File, Format Version 12.00
# Visual Studio 14
VisualStudioVersion = 14.0.22823.1
MinimumVisualStudioVersion = 10.0.40219.1
Project("{FAE04EC0-301F-11D3-BF4B-00C04F79EFBC}") = "Neo4j.Binary", "Neo4j.Binary\Neo4j.Binary.csproj", "{3BE50EA4-0CA2-42E6-818B-DF63230A60A3}"
EndProject
Project("{FAE04EC0-301F-11D3-BF4B-00C04F79EFBC}") = "Neo4j.Binary.Tests", "Neo4j.Binary.Tests\Neo4j.Binary.Tests.csproj", "{DCD75460-885A-4095-910F-388C5B8EFC4E}"
EndProject
Global
	GlobalSection(SolutionConfigurationPlatforms) = preSolution
		Debug|Any CPU = Debug|Any CPU
		Release|Any CPU = Release|Any CPU
	EndGlobalSection
	GlobalSection(ProjectConfigurationPlatforms) = postSolution
		{3BE50EA4-0CA2-42E6-818B-DF63230A60A3}.Debug|Any CPU.ActiveCfg = Debug|Any CPU
		{3BE50EA4-0CA2-42E6-818B-DF63230A60A3}.Debug|Any CPU.Build.0 = Debug|Any CPU
		{3BE50EA4-0CA2-42E6-818B-DF63230A60A3}.Release|Any CPU.ActiveCfg = Release|Any CPU
		{3BE50EA4-0CA2-42E6-818B-DF63230A60A3}.Release|Any CPU.Build.0 = Release|Any CPU
		{DCD75460-885A-4095-910F-388C5B8EFC4E}.Debug|Any CPU.ActiveCfg = Debug|Any CPU
		{DCD75460-885A-4095-910F-388C5B8EFC4E}.Debug|Any CPU.Build.0 = Debug|Any CPU
		{DCD75460-885A-4095-910F-388C5B8EFC4E}.Release|Any CPU.ActiveCfg = Release|Any CPU
		{DCD75460-885A-4095-910F-388C5B8EFC4E}.Release|Any CPU.Build.0 = Release|Any CPU
	EndGlobalSection
	GlobalSection(SolutionProperties) = preSolution
		HideSolutionNode = FALSE
	EndGlobalSection
EndGlobal
